PODS:
  - Alamofire (4.8.0)
  - APIKit (3.2.1):
    - Result (~> 3.0)
  - BigInt (3.1.0):
    - SipHash (~> 1.2)
  - CryptoSwift (0.13.0)
  - IQKeyboardManager (6.2.0)
  - JavaScriptKit (1.0.0):
    - Result (~> 3.1)
  - JSONRPCKit (3.0.0):
    - Result (~> 3.2.0)
  - KeychainSwift (13.0.0)
  - MBProgressHUD (1.1.0)
  - Moya (10.0.2):
    - Moya/Core (= 10.0.2)
  - Moya/Core (10.0.2):
    - Alamofire (~> 4.1)
    - Result (~> 3.0)
  - QRCodeReaderViewController (4.0.2)
  - Result (3.2.4)
  - SipHash (1.2.2)
  - TrezorCrypto (0.0.9)
  - TrustCore (0.0.7):
    - BigInt
    - TrezorCrypto
  - TrustKeystore (0.4.2):
    - BigInt
    - CryptoSwift
    - TrezorCrypto
    - TrustCore

DEPENDENCIES:
  - APIKit (~> 3.2.1)
  - BigInt (~> 3.1.0)
  - IQKeyboardManager (~> 6.2.0)
  - JavaScriptKit (~> 1.0)
  - JSONRPCKit (~> 3.0.0)
  - KeychainSwift (~> 13.0.0)
  - MBProgressHUD (~> 1.1.0)
  - Moya (~> 10.0.1)
  - QRCodeReaderViewController (~> 4.0.2)
  - TrustCore (~> 0.0.7)
  - TrustKeystore (~> 0.4.2)

SPEC REPOS:
  https://github.com/cocoapods/specs.git:
    - Alamofire
    - APIKit
    - BigInt
    - CryptoSwift
    - IQKeyboardManager
    - JavaScriptKit
    - JSONRPCKit
    - KeychainSwift
    - MBProgressHUD
    - Moya
    - QRCodeReaderViewController
    - Result
    - SipHash
    - TrezorCrypto
    - TrustCore
    - TrustKeystore

SPEC CHECKSUMS:
  Alamofire: 3ec537f71edc9804815215393ae2b1a8ea33a844
  APIKit: a39ff72ac44efc15513fd1b98800f63c525be61b
  BigInt: 76b5dfdfa3e2e478d4ffdf161aeede5502e2742f
  CryptoSwift: 16e78bebf567bad1c87b2d58f6547f25b74c31aa
  IQKeyboardManager: 6194101620b73af5e67900b8f89707a99de0b804
  JavaScriptKit: 9ff565209e6efe21bcb9c6d6ca3e863a67a8ecf7
  JSONRPCKit: 50e0dc5e7f873e87f81562feb8836b7d1974da6d
  KeychainSwift: 23d6c16cbc33f20fafa30c3d783241b4b87d998c
  MBProgressHUD: e7baa36a220447d8aeb12769bf0585582f3866d9
  Moya: 2b0531a9fef318e0bc484030c3db1e6f279ccb66
  QRCodeReaderViewController: e8f27d035b3e72b1d4b1c61ff66458287e3be0ff
  Result: d2d07204ce72856f1fd9130bbe42c35a7b0fea10
  SipHash: fad90a4683e420c52ef28063063dbbce248ea6d4
  TrezorCrypto: bfeea47a052dca2c77d4a39e1e183865e52de14d
  TrustCore: 688df9a241008cf9cfa3842ec8ef28777a8b7534
  TrustKeystore: ba8a33ccd7b6a46dfe25f209253d6ba13da6655c

PODFILE CHECKSUM: 6164ec0572937b746fc63b3b30e66b9bf03745d2

COCOAPODS: 1.5.3
